{
    "_readme": [
        "This file locks the dependencies of your project to a known state",
        "Read more about it at https://getcomposer.org/doc/01-basic-usage.md#installing-dependencies",
        "This file is @generated automatically"
    ],
    "content-hash": "bc59334d4903adcf0d4f7eb5c3133f6f",
    "packages": [
        {
            "name": "baraja-core/php-pdf-to-image",
            "version": "v1.3.0",
            "source": {
                "type": "git",
                "url": "https://github.com/baraja-core/php-pdf-to-image.git",
                "reference": "ad35f22c200d5796a3d8acd142697bd31811f26e"
            },
            "dist": {
                "type": "zip",
                "url": "https://api.github.com/repos/baraja-core/php-pdf-to-image/zipball/ad35f22c200d5796a3d8acd142697bd31811f26e",
                "reference": "ad35f22c200d5796a3d8acd142697bd31811f26e",
                "shasum": ""
            },
            "require": {
                "php": "^7.4 || ^8.0"
            },
            "require-dev": {
                "phpstan/phpstan": "^0.12.74",
                "phpstan/phpstan-nette": "^0.12.14",
                "roave/security-advisories": "dev-master",
                "tracy/tracy": "^2.8"
            },
            "type": "library",
            "autoload": {
                "classmap": [
                    "src/"
                ]
            },
            "notification-url": "https://packagist.org/downloads/",
            "authors": [
                {
                    "name": "Jan Barášek",
                    "homepage": "https://baraja.cz"
                }
            ],
            "description": "Convert PDF to JPG, PNG or GIF in PHP.",
            "homepage": "https://github.com/baraja-core/php-pdf-to-image",
            "support": {
                "issues": "https://github.com/baraja-core/php-pdf-to-image/issues",
                "source": "https://github.com/baraja-core/php-pdf-to-image/tree/v1.3.0"
            },
            "time": "2021-02-09T09:20:56+00:00"
        },
        {
            "name": "thiagoalessio/tesseract_ocr",
            "version": "2.12.0",
            "source": {
                "type": "git",
                "url": "https://github.com/thiagoalessio/tesseract-ocr-for-php.git",
                "reference": "0f10bd7b02bdcba59c4fbd98fbd93a56f93b09b7"
            },
            "dist": {
                "type": "zip",
                "url": "https://api.github.com/repos/thiagoalessio/tesseract-ocr-for-php/zipball/0f10bd7b02bdcba59c4fbd98fbd93a56f93b09b7",
                "reference": "0f10bd7b02bdcba59c4fbd98fbd93a56f93b09b7",
                "shasum": ""
            },
            "require": {
                "php": "^5.3 || ^7.0 || ^8.0"
            },
            "require-dev": {
                "phpunit/php-code-coverage": "^2.2.4 || ^9.0.0"
            },
            "type": "library",
            "autoload": {
                "psr-4": {
                    "thiagoalessio\\TesseractOCR\\": "src/"
                }
            },
            "notification-url": "https://packagist.org/downloads/",
            "license": [
                "MIT"
            ],
            "authors": [
                {
                    "name": "thiagoalessio",
                    "email": "thiagoalessio@me.com"
                }
            ],
            "description": "A wrapper to work with Tesseract OCR inside PHP.",
            "keywords": [
                "OCR",
                "Tesseract",
                "text recognition"
            ],
            "support": {
                "irc": "irc://irc.freenode.net/tesseract-ocr-for-php",
                "issues": "https://github.com/thiagoalessio/tesseract-ocr-for-php/issues",
                "source": "https://github.com/thiagoalessio/tesseract-ocr-for-php"
            },
            "time": "2021-06-04T21:21:33+00:00"
        }
    ],
    "packages-dev": [],
    "aliases": [],
    "minimum-stability": "stable",
    "stability-flags": [],
    "prefer-stable": false,
    "prefer-lowest": false,
    "platform": [],
    "platform-dev": [],
    "plugin-api-version": "2.1.0"
}
